
Microsoft Visual Studio Solution File, Format Version 12.00
# Visual Studio Version 17
VisualStudioVersion = 17.0.31903.59
MinimumVisualStudioVersion = 10.0.40219.1
Project("{2150E333-8FDC-42A3-9474-1A3956D46DE8}") = "src", "src", "{827E0CD3-B72D-47B6-A68D-7590B98EB39B}"
EndProject
Project("{FAE04EC0-301F-11D3-BF4B-00C04F79EFBC}") = "ItemDetail.Domain", "src\ItemDetail.Domain\ItemDetail.Domain.csproj", "{B3828669-2807-4E61-8E65-918D37B3AB14}"
EndProject
Project("{FAE04EC0-301F-11D3-BF4B-00C04F79EFBC}") = "ItemDetail.Application", "src\ItemDetail.Application\ItemDetail.Application.csproj", "{6928AEAB-3E82-4184-B289-E47B2075151A}"
EndProject
Project("{FAE04EC0-301F-11D3-BF4B-00C04F79EFBC}") = "ItemDetail.Infrastructure", "src\ItemDetail.Infrastructure\ItemDetail.Infrastructure.csproj", "{FDEB173A-43F8-4A3A-A0D4-A78807887AB2}"
EndProject
Project("{FAE04EC0-301F-11D3-BF4B-00C04F79EFBC}") = "ItemDetail.Api", "src\ItemDetail.Api\ItemDetail.Api.csproj", "{76519629-818E-43C9-989E-DFD0DBBBD9C0}"
EndProject
Project("{2150E333-8FDC-42A3-9474-1A3956D46DE8}") = "tests", "tests", "{0AB3BF05-4346-4AA6-1389-037BE0695223}"
EndProject
Project("{FAE04EC0-301F-11D3-BF4B-00C04F79EFBC}") = "ItemDetail.Tests", "tests\ItemDetail.Tests\ItemDetail.Tests.csproj", "{6FB2B75F-02E9-45B4-9430-D5824B7589D2}"
EndProject
Global
	GlobalSection(SolutionConfigurationPlatforms) = preSolution
		Debug|Any CPU = Debug|Any CPU
		Debug|x64 = Debug|x64
		Debug|x86 = Debug|x86
		Release|Any CPU = Release|Any CPU
		Release|x64 = Release|x64
		Release|x86 = Release|x86
	EndGlobalSection
	GlobalSection(ProjectConfigurationPlatforms) = postSolution
		{B3828669-2807-4E61-8E65-918D37B3AB14}.Debug|Any CPU.ActiveCfg = Debug|Any CPU
		{B3828669-2807-4E61-8E65-918D37B3AB14}.Debug|Any CPU.Build.0 = Debug|Any CPU
		{B3828669-2807-4E61-8E65-918D37B3AB14}.Debug|x64.ActiveCfg = Debug|Any CPU
		{B3828669-2807-4E61-8E65-918D37B3AB14}.Debug|x64.Build.0 = Debug|Any CPU
		{B3828669-2807-4E61-8E65-918D37B3AB14}.Debug|x86.ActiveCfg = Debug|Any CPU
		{B3828669-2807-4E61-8E65-918D37B3AB14}.Debug|x86.Build.0 = Debug|Any CPU
		{B3828669-2807-4E61-8E65-918D37B3AB14}.Release|Any CPU.ActiveCfg = Release|Any CPU
		{B3828669-2807-4E61-8E65-918D37B3AB14}.Release|Any CPU.Build.0 = Release|Any CPU
		{B3828669-2807-4E61-8E65-918D37B3AB14}.Release|x64.ActiveCfg = Release|Any CPU
		{B3828669-2807-4E61-8E65-918D37B3AB14}.Release|x64.Build.0 = Release|Any CPU
		{B3828669-2807-4E61-8E65-918D37B3AB14}.Release|x86.ActiveCfg = Release|Any CPU
		{B3828669-2807-4E61-8E65-918D37B3AB14}.Release|x86.Build.0 = Release|Any CPU
		{6928AEAB-3E82-4184-B289-E47B2075151A}.Debug|Any CPU.ActiveCfg = Debug|Any CPU
		{6928AEAB-3E82-4184-B289-E47B2075151A}.Debug|Any CPU.Build.0 = Debug|Any CPU
		{6928AEAB-3E82-4184-B289-E47B2075151A}.Debug|x64.ActiveCfg = Debug|Any CPU
		{6928AEAB-3E82-4184-B289-E47B2075151A}.Debug|x64.Build.0 = Debug|Any CPU
		{6928AEAB-3E82-4184-B289-E47B2075151A}.Debug|x86.ActiveCfg = Debug|Any CPU
		{6928AEAB-3E82-4184-B289-E47B2075151A}.Debug|x86.Build.0 = Debug|Any CPU
		{6928AEAB-3E82-4184-B289-E47B2075151A}.Release|Any CPU.ActiveCfg = Release|Any CPU
		{6928AEAB-3E82-4184-B289-E47B2075151A}.Release|Any CPU.Build.0 = Release|Any CPU
		{6928AEAB-3E82-4184-B289-E47B2075151A}.Release|x64.ActiveCfg = Release|Any CPU
		{6928AEAB-3E82-4184-B289-E47B2075151A}.Release|x64.Build.0 = Release|Any CPU
		{6928AEAB-3E82-4184-B289-E47B2075151A}.Release|x86.ActiveCfg = Release|Any CPU
		{6928AEAB-3E82-4184-B289-E47B2075151A}.Release|x86.Build.0 = Release|Any CPU
		{FDEB173A-43F8-4A3A-A0D4-A78807887AB2}.Debug|Any CPU.ActiveCfg = Debug|Any CPU
		{FDEB173A-43F8-4A3A-A0D4-A78807887AB2}.Debug|Any CPU.Build.0 = Debug|Any CPU
		{FDEB173A-43F8-4A3A-A0D4-A78807887AB2}.Debug|x64.ActiveCfg = Debug|Any CPU
		{FDEB173A-43F8-4A3A-A0D4-A78807887AB2}.Debug|x64.Build.0 = Debug|Any CPU
		{FDEB173A-43F8-4A3A-A0D4-A78807887AB2}.Debug|x86.ActiveCfg = Debug|Any CPU
		{FDEB173A-43F8-4A3A-A0D4-A78807887AB2}.Debug|x86.Build.0 = Debug|Any CPU
		{FDEB173A-43F8-4A3A-A0D4-A78807887AB2}.Release|Any CPU.ActiveCfg = Release|Any CPU
		{FDEB173A-43F8-4A3A-A0D4-A78807887AB2}.Release|Any CPU.Build.0 = Release|Any CPU
		{FDEB173A-43F8-4A3A-A0D4-A78807887AB2}.Release|x64.ActiveCfg = Release|Any CPU
		{FDEB173A-43F8-4A3A-A0D4-A78807887AB2}.Release|x64.Build.0 = Release|Any CPU
		{FDEB173A-43F8-4A3A-A0D4-A78807887AB2}.Release|x86.ActiveCfg = Release|Any CPU
		{FDEB173A-43F8-4A3A-A0D4-A78807887AB2}.Release|x86.Build.0 = Release|Any CPU
		{76519629-818E-43C9-989E-DFD0DBBBD9C0}.Debug|Any CPU.ActiveCfg = Debug|Any CPU
		{76519629-818E-43C9-989E-DFD0DBBBD9C0}.Debug|Any CPU.Build.0 = Debug|Any CPU
		{76519629-818E-43C9-989E-DFD0DBBBD9C0}.Debug|x64.ActiveCfg = Debug|Any CPU
		{76519629-818E-43C9-989E-DFD0DBBBD9C0}.Debug|x64.Build.0 = Debug|Any CPU
		{76519629-818E-43C9-989E-DFD0DBBBD9C0}.Debug|x86.ActiveCfg = Debug|Any CPU
		{76519629-818E-43C9-989E-DFD0DBBBD9C0}.Debug|x86.Build.0 = Debug|Any CPU
		{76519629-818E-43C9-989E-DFD0DBBBD9C0}.Release|Any CPU.ActiveCfg = Release|Any CPU
		{76519629-818E-43C9-989E-DFD0DBBBD9C0}.Release|Any CPU.Build.0 = Release|Any CPU
		{76519629-818E-43C9-989E-DFD0DBBBD9C0}.Release|x64.ActiveCfg = Release|Any CPU
		{76519629-818E-43C9-989E-DFD0DBBBD9C0}.Release|x64.Build.0 = Release|Any CPU
		{76519629-818E-43C9-989E-DFD0DBBBD9C0}.Release|x86.ActiveCfg = Release|Any CPU
		{76519629-818E-43C9-989E-DFD0DBBBD9C0}.Release|x86.Build.0 = Release|Any CPU
		{6FB2B75F-02E9-45B4-9430-D5824B7589D2}.Debug|Any CPU.ActiveCfg = Debug|Any CPU
		{6FB2B75F-02E9-45B4-9430-D5824B7589D2}.Debug|Any CPU.Build.0 = Debug|Any CPU
		{6FB2B75F-02E9-45B4-9430-D5824B7589D2}.Debug|x64.ActiveCfg = Debug|Any CPU
		{6FB2B75F-02E9-45B4-9430-D5824B7589D2}.Debug|x64.Build.0 = Debug|Any CPU
		{6FB2B75F-02E9-45B4-9430-D5824B7589D2}.Debug|x86.ActiveCfg = Debug|Any CPU
		{6FB2B75F-02E9-45B4-9430-D5824B7589D2}.Debug|x86.Build.0 = Debug|Any CPU
		{6FB2B75F-02E9-45B4-9430-D5824B7589D2}.Release|Any CPU.ActiveCfg = Release|Any CPU
		{6FB2B75F-02E9-45B4-9430-D5824B7589D2}.Release|Any CPU.Build.0 = Release|Any CPU
		{6FB2B75F-02E9-45B4-9430-D5824B7589D2}.Release|x64.ActiveCfg = Release|Any CPU
		{6FB2B75F-02E9-45B4-9430-D5824B7589D2}.Release|x64.Build.0 = Release|Any CPU
		{6FB2B75F-02E9-45B4-9430-D5824B7589D2}.Release|x86.ActiveCfg = Release|Any CPU
		{6FB2B75F-02E9-45B4-9430-D5824B7589D2}.Release|x86.Build.0 = Release|Any CPU
	EndGlobalSection
	GlobalSection(SolutionProperties) = preSolution
		HideSolutionNode = FALSE
	EndGlobalSection
	GlobalSection(NestedProjects) = preSolution
		{B3828669-2807-4E61-8E65-918D37B3AB14} = {827E0CD3-B72D-47B6-A68D-7590B98EB39B}
		{6928AEAB-3E82-4184-B289-E47B2075151A} = {827E0CD3-B72D-47B6-A68D-7590B98EB39B}
		{FDEB173A-43F8-4A3A-A0D4-A78807887AB2} = {827E0CD3-B72D-47B6-A68D-7590B98EB39B}
		{76519629-818E-43C9-989E-DFD0DBBBD9C0} = {827E0CD3-B72D-47B6-A68D-7590B98EB39B}
		{6FB2B75F-02E9-45B4-9430-D5824B7589D2} = {0AB3BF05-4346-4AA6-1389-037BE0695223}
	EndGlobalSection
EndGlobal
